
Microsoft Visual Studio Solution File, Format Version 12.00
# Visual Studio Version 16
VisualStudioVersion = 16.0.30709.132
MinimumVisualStudioVersion = 10.0.40219.1
Project("{9A19103F-16F7-4668-BE54-9A1E7A4F7556}") = "BusinessCard", "BusinessCard\BusinessCard.csproj", "{74CB9DB0-A8A5-4F7C-8FE9-AA0D55B45E7D}"
EndProject
Project("{9A19103F-16F7-4668-BE54-9A1E7A4F7556}") = "BusinessCard.BusinessLogicLayer", "BusinessCard.BusinessLogic\BusinessCard.BusinessLogicLayer.csproj", "{C85C0966-499D-4880-950B-EF0C769E36D7}"
EndProject
Project("{9A19103F-16F7-4668-BE54-9A1E7A4F7556}") = "BusinessCard.DataAccessLayer", "BusinessCard.DataAccessLayer\BusinessCard.DataAccessLayer.csproj", "{337D925A-E328-4C70-9C41-6261F8155B26}"
EndProject
Project("{9A19103F-16F7-4668-BE54-9A1E7A4F7556}") = "SqlQueryStrings", "SqlQueryStrings\SqlQueryStrings.csproj", "{05BA48AD-2221-4CCD-8EC7-A237D3768A5F}"
EndProject
Project("{FAE04EC0-301F-11D3-BF4B-00C04F79EFBC}") = "SqlQueryStrings.Tests", "SqlQueryStrings.Test\SqlQueryStrings.Tests.csproj", "{A8D875DF-FA82-4F44-9589-F69BAE71C722}"
EndProject
Global
	GlobalSection(SolutionConfigurationPlatforms) = preSolution
		Debug|Any CPU = Debug|Any CPU
		Release|Any CPU = Release|Any CPU
	EndGlobalSection
	GlobalSection(ProjectConfigurationPlatforms) = postSolution
		{74CB9DB0-A8A5-4F7C-8FE9-AA0D55B45E7D}.Debug|Any CPU.ActiveCfg = Debug|Any CPU
		{74CB9DB0-A8A5-4F7C-8FE9-AA0D55B45E7D}.Debug|Any CPU.Build.0 = Debug|Any CPU
		{74CB9DB0-A8A5-4F7C-8FE9-AA0D55B45E7D}.Release|Any CPU.ActiveCfg = Release|Any CPU
		{74CB9DB0-A8A5-4F7C-8FE9-AA0D55B45E7D}.Release|Any CPU.Build.0 = Release|Any CPU
		{C85C0966-499D-4880-950B-EF0C769E36D7}.Debug|Any CPU.ActiveCfg = Debug|Any CPU
		{C85C0966-499D-4880-950B-EF0C769E36D7}.Debug|Any CPU.Build.0 = Debug|Any CPU
		{C85C0966-499D-4880-950B-EF0C769E36D7}.Release|Any CPU.ActiveCfg = Release|Any CPU
		{C85C0966-499D-4880-950B-EF0C769E36D7}.Release|Any CPU.Build.0 = Release|Any CPU
		{337D925A-E328-4C70-9C41-6261F8155B26}.Debug|Any CPU.ActiveCfg = Debug|Any CPU
		{337D925A-E328-4C70-9C41-6261F8155B26}.Debug|Any CPU.Build.0 = Debug|Any CPU
		{337D925A-E328-4C70-9C41-6261F8155B26}.Release|Any CPU.ActiveCfg = Release|Any CPU
		{337D925A-E328-4C70-9C41-6261F8155B26}.Release|Any CPU.Build.0 = Release|Any CPU
		{05BA48AD-2221-4CCD-8EC7-A237D3768A5F}.Debug|Any CPU.ActiveCfg = Debug|Any CPU
		{05BA48AD-2221-4CCD-8EC7-A237D3768A5F}.Debug|Any CPU.Build.0 = Debug|Any CPU
		{05BA48AD-2221-4CCD-8EC7-A237D3768A5F}.Release|Any CPU.ActiveCfg = Release|Any CPU
		{05BA48AD-2221-4CCD-8EC7-A237D3768A5F}.Release|Any CPU.Build.0 = Release|Any CPU
		{A8D875DF-FA82-4F44-9589-F69BAE71C722}.Debug|Any CPU.ActiveCfg = Debug|Any CPU
		{A8D875DF-FA82-4F44-9589-F69BAE71C722}.Debug|Any CPU.Build.0 = Debug|Any CPU
		{A8D875DF-FA82-4F44-9589-F69BAE71C722}.Release|Any CPU.ActiveCfg = Release|Any CPU
		{A8D875DF-FA82-4F44-9589-F69BAE71C722}.Release|Any CPU.Build.0 = Release|Any CPU
	EndGlobalSection
	GlobalSection(SolutionProperties) = preSolution
		HideSolutionNode = FALSE
	EndGlobalSection
	GlobalSection(ExtensibilityGlobals) = postSolution
		SolutionGuid = {D3CD8C7D-B6A4-4711-A829-94DBAA727C26}
	EndGlobalSection
EndGlobal
